// !$*UTF8*$!
{
	archiveVersion = 1;
	classes = {
	};
	objectVersion = 48;
	objects = {

/* Begin PBXBuildFile section */
		4AD94AE61F8BF2F3005A97CB /* Assets.xcassets in Resources */ = {isa = PBXBuildFile; fileRef = 4AD94AE51F8BF2F3005A97CB /* Assets.xcassets */; };
		4AD94AE91F8BF2F3005A97CB /* LaunchScreen.storyboard in Resources */ = {isa = PBXBuildFile; fileRef = 4AD94AE71F8BF2F3005A97CB /* LaunchScreen.storyboard */; };
		4AD94AF41F8BF2F3005A97CB /* SquareMealsTests.swift in Sources */ = {isa = PBXBuildFile; fileRef = 4AD94AF31F8BF2F3005A97CB /* SquareMealsTests.swift */; };
		8E7ACCC16B7A1235D4C29A93 /* Pods_SquareMealsTests.framework in Frameworks */ = {isa = PBXBuildFile; fileRef = D5969EA190B1E6D6D14AE0B6 /* Pods_SquareMealsTests.framework */; };
		D2999FD47591AE4F50EE8B1D /* Pods_SquareMeals.framework in Frameworks */ = {isa = PBXBuildFile; fileRef = 262CF437761E41A3CD1881D1 /* Pods_SquareMeals.framework */; };
/* End PBXBuildFile section */

/* Begin PBXContainerItemProxy section */
		4AD94AF01F8BF2F3005A97CB /* PBXContainerItemProxy */ = {
			isa = PBXContainerItemProxy;
			containerPortal = 4AD94AD31F8BF2F3005A97CB /* Project object */;
			proxyType = 1;
			remoteGlobalIDString = 4AD94ADA1F8BF2F3005A97CB;
			remoteInfo = SquareMeals;
		};
/* End PBXContainerItemProxy section */

/* Begin PBXFileReference section */
		22BA7219C058DA2C59711F72 /* Pods-SquareMealsTests.release.xcconfig */ = {isa = PBXFileReference; includeInIndex = 1; lastKnownFileType = text.xcconfig; name = "Pods-SquareMealsTests.release.xcconfig"; path = "Pods/Target Support Files/Pods-SquareMealsTests/Pods-SquareMealsTests.release.xcconfig"; sourceTree = "<group>"; };
		262CF437761E41A3CD1881D1 /* Pods_SquareMeals.framework */ = {isa = PBXFileReference; explicitFileType = wrapper.framework; includeInIndex = 0; path = Pods_SquareMeals.framework; sourceTree = BUILT_PRODUCTS_DIR; };
		4AD94ADB1F8BF2F3005A97CB /* SquareMeals.app */ = {isa = PBXFileReference; explicitFileType = wrapper.application; includeInIndex = 0; path = SquareMeals.app; sourceTree = BUILT_PRODUCTS_DIR; };
		4AD94AE51F8BF2F3005A97CB /* Assets.xcassets */ = {isa = PBXFileReference; lastKnownFileType = folder.assetcatalog; path = Assets.xcassets; sourceTree = "<group>"; };
		4AD94AE81F8BF2F3005A97CB /* Base */ = {isa = PBXFileReference; lastKnownFileType = file.storyboard; name = Base; path = Base.lproj/LaunchScreen.storyboard; sourceTree = "<group>"; };
		4AD94AEA1F8BF2F3005A97CB /* Info.plist */ = {isa = PBXFileReference; lastKnownFileType = text.plist.xml; path = Info.plist; sourceTree = "<group>"; };
		4AD94AEF1F8BF2F3005A97CB /* SquareMealsTests.xctest */ = {isa = PBXFileReference; explicitFileType = wrapper.cfbundle; includeInIndex = 0; path = SquareMealsTests.xctest; sourceTree = BUILT_PRODUCTS_DIR; };
		4AD94AF31F8BF2F3005A97CB /* SquareMealsTests.swift */ = {isa = PBXFileReference; lastKnownFileType = sourcecode.swift; path = SquareMealsTests.swift; sourceTree = "<group>"; };
		4AD94AF51F8BF2F3005A97CB /* Info.plist */ = {isa = PBXFileReference; lastKnownFileType = text.plist.xml; path = Info.plist; sourceTree = "<group>"; };
		532D243CD773BF800EBDD6F1 /* Pods-SquareMeals.debug.xcconfig */ = {isa = PBXFileReference; includeInIndex = 1; lastKnownFileType = text.xcconfig; name = "Pods-SquareMeals.debug.xcconfig"; path = "Pods/Target Support Files/Pods-SquareMeals/Pods-SquareMeals.debug.xcconfig"; sourceTree = "<group>"; };
		8A822D2D480446C5ABE8E0B8 /* Pods-SquareMeals.release.xcconfig */ = {isa = PBXFileReference; includeInIndex = 1; lastKnownFileType = text.xcconfig; name = "Pods-SquareMeals.release.xcconfig"; path = "Pods/Target Support Files/Pods-SquareMeals/Pods-SquareMeals.release.xcconfig"; sourceTree = "<group>"; };
		D5969EA190B1E6D6D14AE0B6 /* Pods_SquareMealsTests.framework */ = {isa = PBXFileReference; explicitFileType = wrapper.framework; includeInIndex = 0; path = Pods_SquareMealsTests.framework; sourceTree = BUILT_PRODUCTS_DIR; };
		ED3EFCA996C609A998AF780B /* Pods-SquareMealsTests.debug.xcconfig */ = {isa = PBXFileReference; includeInIndex = 1; lastKnownFileType = text.xcconfig; name = "Pods-SquareMealsTests.debug.xcconfig"; path = "Pods/Target Support Files/Pods-SquareMealsTests/Pods-SquareMealsTests.debug.xcconfig"; sourceTree = "<group>"; };
/* End PBXFileReference section */

/* Begin PBXFrameworksBuildPhase section */
		4AD94AD81F8BF2F3005A97CB /* Frameworks */ = {
			isa = PBXFrameworksBuildPhase;
			buildActionMask = 2147483647;
			files = (
				D2999FD47591AE4F50EE8B1D /* Pods_SquareMeals.framework in Frameworks */,
			);
			runOnlyForDeploymentPostprocessing = 0;
		};
		4AD94AEC1F8BF2F3005A97CB /* Frameworks */ = {
			isa = PBXFrameworksBuildPhase;
			buildActionMask = 2147483647;
			files = (
				8E7ACCC16B7A1235D4C29A93 /* Pods_SquareMealsTests.framework in Frameworks */,
			);
			runOnlyForDeploymentPostprocessing = 0;
		};
/* End PBXFrameworksBuildPhase section */

/* Begin PBXGroup section */
		3D283AFE821BBC793F4BF341 /* Frameworks */ = {
			isa = PBXGroup;
			children = (
				262CF437761E41A3CD1881D1 /* Pods_SquareMeals.framework */,
				D5969EA190B1E6D6D14AE0B6 /* Pods_SquareMealsTests.framework */,
			);
			name = Frameworks;
			sourceTree = "<group>";
		};
		4AD94AD21F8BF2F3005A97CB = {
			isa = PBXGroup;
			children = (
				4AD94ADD1F8BF2F3005A97CB /* SquareMeals */,
				4AD94AF21F8BF2F3005A97CB /* SquareMealsTests */,
				4AD94ADC1F8BF2F3005A97CB /* Products */,
				583DE1C3742AD193FF38D1FE /* Pods */,
				3D283AFE821BBC793F4BF341 /* Frameworks */,
			);
			sourceTree = "<group>";
		};
		4AD94ADC1F8BF2F3005A97CB /* Products */ = {
			isa = PBXGroup;
			children = (
				4AD94ADB1F8BF2F3005A97CB /* SquareMeals.app */,
				4AD94AEF1F8BF2F3005A97CB /* SquareMealsTests.xctest */,
			);
			name = Products;
			sourceTree = "<group>";
		};
		4AD94ADD1F8BF2F3005A97CB /* SquareMeals */ = {
			isa = PBXGroup;
			children = (
				4AD94AE51F8BF2F3005A97CB /* Assets.xcassets */,
				4AD94AE71F8BF2F3005A97CB /* LaunchScreen.storyboard */,
				4AD94AEA1F8BF2F3005A97CB /* Info.plist */,
			);
			path = SquareMeals;
			sourceTree = "<group>";
		};
		4AD94AF21F8BF2F3005A97CB /* SquareMealsTests */ = {
			isa = PBXGroup;
			children = (
				4AD94AF31F8BF2F3005A97CB /* SquareMealsTests.swift */,
				4AD94AF51F8BF2F3005A97CB /* Info.plist */,
			);
			path = SquareMealsTests;
			sourceTree = "<group>";
		};
		583DE1C3742AD193FF38D1FE /* Pods */ = {
			isa = PBXGroup;
			children = (
				532D243CD773BF800EBDD6F1 /* Pods-SquareMeals.debug.xcconfig */,
				8A822D2D480446C5ABE8E0B8 /* Pods-SquareMeals.release.xcconfig */,
				ED3EFCA996C609A998AF780B /* Pods-SquareMealsTests.debug.xcconfig */,
				22BA7219C058DA2C59711F72 /* Pods-SquareMealsTests.release.xcconfig */,
			);
			name = Pods;
			sourceTree = "<group>";
		};
/* End PBXGroup section */

/* Begin PBXNativeTarget section */
		4AD94ADA1F8BF2F3005A97CB /* SquareMeals */ = {
			isa = PBXNativeTarget;
			buildConfigurationList = 4AD94AF81F8BF2F3005A97CB /* Build configuration list for PBXNativeTarget "SquareMeals" */;
			buildPhases = (
				DA77E9CACCF4F452A092EC38 /* [CP] Check Pods Manifest.lock */,
				4AD94AD71F8BF2F3005A97CB /* Sources */,
				4AD94AD81F8BF2F3005A97CB /* Frameworks */,
				4AD94AD91F8BF2F3005A97CB /* Resources */,
				6373398D5605083946E015C3 /* [CP] Embed Pods Frameworks */,
				7F831C036101D31096EEC432 /* [CP] Copy Pods Resources */,
			);
			buildRules = (
			);
			dependencies = (
			);
			name = SquareMeals;
			productName = SquareMeals;
			productReference = 4AD94ADB1F8BF2F3005A97CB /* SquareMeals.app */;
			productType = "com.apple.product-type.application";
		};
		4AD94AEE1F8BF2F3005A97CB /* SquareMealsTests */ = {
			isa = PBXNativeTarget;
			buildConfigurationList = 4AD94AFB1F8BF2F3005A97CB /* Build configuration list for PBXNativeTarget "SquareMealsTests" */;
			buildPhases = (
				EA54F6F1B1CD7B95F4AB6783 /* [CP] Check Pods Manifest.lock */,
				4AD94AEB1F8BF2F3005A97CB /* Sources */,
				4AD94AEC1F8BF2F3005A97CB /* Frameworks */,
				4AD94AED1F8BF2F3005A97CB /* Resources */,
				CB55F4FA72FCF367F5D7B949 /* [CP] Embed Pods Frameworks */,
				D8844F193EBB26A8D0BBA733 /* [CP] Copy Pods Resources */,
			);
			buildRules = (
			);
			dependencies = (
				4AD94AF11F8BF2F3005A97CB /* PBXTargetDependency */,
			);
			name = SquareMealsTests;
			productName = SquareMealsTests;
			productReference = 4AD94AEF1F8BF2F3005A97CB /* SquareMealsTests.xctest */;
			productType = "com.apple.product-type.bundle.unit-test";
		};
/* End PBXNativeTarget section */

/* Begin PBXProject section */
		4AD94AD31F8BF2F3005A97CB /* Project object */ = {
			isa = PBXProject;
			attributes = {
				LastSwiftUpdateCheck = 0900;
				LastUpgradeCheck = 0900;
				ORGANIZATIONNAME = "Shakd, LLC";
				TargetAttributes = {
					4AD94ADA1F8BF2F3005A97CB = {
						CreatedOnToolsVersion = 9.0;
						ProvisioningStyle = Automatic;
					};
					4AD94AEE1F8BF2F3005A97CB = {
						CreatedOnToolsVersion = 9.0;
						ProvisioningStyle = Automatic;
						TestTargetID = 4AD94ADA1F8BF2F3005A97CB;
					};
				};
			};
			buildConfigurationList = 4AD94AD61F8BF2F3005A97CB /* Build configuration list for PBXProject "SquareMeals" */;
			compatibilityVersion = "Xcode 8.0";
			developmentRegion = en;
			hasScannedForEncodings = 0;
			knownRegions = (
				en,
				Base,
			);
			mainGroup = 4AD94AD21F8BF2F3005A97CB;
			productRefGroup = 4AD94ADC1F8BF2F3005A97CB /* Products */;
			projectDirPath = "";
			projectRoot = "";
			targets = (
				4AD94ADA1F8BF2F3005A97CB /* SquareMeals */,
				4AD94AEE1F8BF2F3005A97CB /* SquareMealsTests */,
			);
		};
/* End PBXProject section */

/* Begin PBXResourcesBuildPhase section */
		4AD94AD91F8BF2F3005A97CB /* Resources */ = {
			isa = PBXResourcesBuildPhase;
			buildActionMask = 2147483647;
			files = (
				4AD94AE91F8BF2F3005A97CB /* LaunchScreen.storyboard in Resources */,
				4AD94AE61F8BF2F3005A97CB /* Assets.xcassets in Resources */,
			);
			runOnlyForDeploymentPostprocessing = 0;
		};
		4AD94AED1F8BF2F3005A97CB /* Resources */ = {
			isa = PBXResourcesBuildPhase;
			buildActionMask = 2147483647;
			files = (
			);
			runOnlyForDeploymentPostprocessing = 0;
		};
/* End PBXResourcesBuildPhase section */

/* Begin PBXShellScriptBuildPhase section */
		6373398D5605083946E015C3 /* [CP] Embed Pods Frameworks */ = {
			isa = PBXShellScriptBuildPhase;
			buildActionMask = 2147483647;
			files = (
			);
			inputPaths = (
			);
			name = "[CP] Embed Pods Frameworks";
			outputPaths = (
			);
			runOnlyForDeploymentPostprocessing = 0;
			shellPath = /bin/sh;
			shellScript = "\"${SRCROOT}/Pods/Target Support Files/Pods-SquareMeals/Pods-SquareMeals-frameworks.sh\"\n";
			showEnvVarsInLog = 0;
		};
		7F831C036101D31096EEC432 /* [CP] Copy Pods Resources */ = {
			isa = PBXShellScriptBuildPhase;
			buildActionMask = 2147483647;
			files = (
			);
			inputPaths = (
			);
			name = "[CP] Copy Pods Resources";
			outputPaths = (
			);
			runOnlyForDeploymentPostprocessing = 0;
			shellPath = /bin/sh;
			shellScript = "\"${SRCROOT}/Pods/Target Support Files/Pods-SquareMeals/Pods-SquareMeals-resources.sh\"\n";
			showEnvVarsInLog = 0;
		};
		CB55F4FA72FCF367F5D7B949 /* [CP] Embed Pods Frameworks */ = {
			isa = PBXShellScriptBuildPhase;
			buildActionMask = 2147483647;
			files = (
			);
			inputPaths = (
			);
			name = "[CP] Embed Pods Frameworks";
			outputPaths = (
			);
			runOnlyForDeploymentPostprocessing = 0;
			shellPath = /bin/sh;
			shellScript = "\"${SRCROOT}/Pods/Target Support Files/Pods-SquareMealsTests/Pods-SquareMealsTests-frameworks.sh\"\n";
			showEnvVarsInLog = 0;
		};
		D8844F193EBB26A8D0BBA733 /* [CP] Copy Pods Resources */ = {
			isa = PBXShellScriptBuildPhase;
			buildActionMask = 2147483647;
			files = (
			);
			inputPaths = (
			);
			name = "[CP] Copy Pods Resources";
			outputPaths = (
			);
			runOnlyForDeploymentPostprocessing = 0;
			shellPath = /bin/sh;
			shellScript = "\"${SRCROOT}/Pods/Target Support Files/Pods-SquareMealsTests/Pods-SquareMealsTests-resources.sh\"\n";
			showEnvVarsInLog = 0;
		};
		DA77E9CACCF4F452A092EC38 /* [CP] Check Pods Manifest.lock */ = {
			isa = PBXShellScriptBuildPhase;
			buildActionMask = 2147483647;
			files = (
			);
			inputPaths = (
			);
			name = "[CP] Check Pods Manifest.lock";
			outputPaths = (
			);
			runOnlyForDeploymentPostprocessing = 0;
			shellPath = /bin/sh;
			shellScript = "diff \"${PODS_PODFILE_DIR_PATH}/Podfile.lock\" \"${PODS_ROOT}/Manifest.lock\" > /dev/null\nif [ $? != 0 ] ; then\n    # print error to STDERR\n    echo \"error: The sandbox is not in sync with the Podfile.lock. Run 'pod install' or update your CocoaPods installation.\" >&2\n    exit 1\nfi\n";
			showEnvVarsInLog = 0;
		};
		EA54F6F1B1CD7B95F4AB6783 /* [CP] Check Pods Manifest.lock */ = {
			isa = PBXShellScriptBuildPhase;
			buildActionMask = 2147483647;
			files = (
			);
			inputPaths = (
			);
			name = "[CP] Check Pods Manifest.lock";
			outputPaths = (
			);
			runOnlyForDeploymentPostprocessing = 0;
			shellPath = /bin/sh;
			shellScript = "diff \"${PODS_PODFILE_DIR_PATH}/Podfile.lock\" \"${PODS_ROOT}/Manifest.lock\" > /dev/null\nif [ $? != 0 ] ; then\n    # print error to STDERR\n    echo \"error: The sandbox is not in sync with the Podfile.lock. Run 'pod install' or update your CocoaPods installation.\" >&2\n    exit 1\nfi\n";
			showEnvVarsInLog = 0;
		};
/* End PBXShellScriptBuildPhase section */

/* Begin PBXSourcesBuildPhase section */
		4AD94AD71F8BF2F3005A97CB /* Sources */ = {
			isa = PBXSourcesBuildPhase;
			buildActionMask = 2147483647;
			files = (
			);
			runOnlyForDeploymentPostprocessing = 0;
		};
		4AD94AEB1F8BF2F3005A97CB /* Sources */ = {
			isa = PBXSourcesBuildPhase;
			buildActionMask = 2147483647;
			files = (
				4AD94AF41F8BF2F3005A97CB /* SquareMealsTests.swift in Sources */,
			);
			runOnlyForDeploymentPostprocessing = 0;
		};
/* End PBXSourcesBuildPhase section */

/* Begin PBXTargetDependency section */
		4AD94AF11F8BF2F3005A97CB /* PBXTargetDependency */ = {
			isa = PBXTargetDependency;
			target = 4AD94ADA1F8BF2F3005A97CB /* SquareMeals */;
			targetProxy = 4AD94AF01F8BF2F3005A97CB /* PBXContainerItemProxy */;
		};
/* End PBXTargetDependency section */

/* Begin PBXVariantGroup section */
		4AD94AE71F8BF2F3005A97CB /* LaunchScreen.storyboard */ = {
			isa = PBXVariantGroup;
			children = (
				4AD94AE81F8BF2F3005A97CB /* Base */,
			);
			name = LaunchScreen.storyboard;
			sourceTree = "<group>";
		};
/* End PBXVariantGroup section */

/* Begin XCBuildConfiguration section */
		4AD94AF61F8BF2F3005A97CB /* Debug */ = {
			isa = XCBuildConfiguration;
			buildSettings = {
				ALWAYS_SEARCH_USER_PATHS = NO;
				CLANG_ANALYZER_NONNULL = YES;
				CLANG_ANALYZER_NUMBER_OBJECT_CONVERSION = YES_AGGRESSIVE;
				CLANG_CXX_LANGUAGE_STANDARD = "gnu++14";
				CLANG_CXX_LIBRARY = "libc++";
				CLANG_ENABLE_MODULES = YES;
				CLANG_ENABLE_OBJC_ARC = YES;
				CLANG_WARN_BLOCK_CAPTURE_AUTORELEASING = YES;
				CLANG_WARN_BOOL_CONVERSION = YES;
				CLANG_WARN_COMMA = YES;
				CLANG_WARN_CONSTANT_CONVERSION = YES;
				CLANG_WARN_DIRECT_OBJC_ISA_USAGE = YES_ERROR;
				CLANG_WARN_DOCUMENTATION_COMMENTS = YES;
				CLANG_WARN_EMPTY_BODY = YES;
				CLANG_WARN_ENUM_CONVERSION = YES;
				CLANG_WARN_INFINITE_RECURSION = YES;
				CLANG_WARN_INT_CONVERSION = YES;
				CLANG_WARN_NON_LITERAL_NULL_CONVERSION = YES;
				CLANG_WARN_OBJC_LITERAL_CONVERSION = YES;
				CLANG_WARN_OBJC_ROOT_CLASS = YES_ERROR;
				CLANG_WARN_RANGE_LOOP_ANALYSIS = YES;
				CLANG_WARN_STRICT_PROTOTYPES = YES;
				CLANG_WARN_SUSPICIOUS_MOVE = YES;
				CLANG_WARN_UNGUARDED_AVAILABILITY = YES_AGGRESSIVE;
				CLANG_WARN_UNREACHABLE_CODE = YES;
				CLANG_WARN__DUPLICATE_METHOD_MATCH = YES;
				CODE_SIGN_IDENTITY = "iPhone Developer";
				COPY_PHASE_STRIP = NO;
				DEBUG_INFORMATION_FORMAT = dwarf;
				ENABLE_STRICT_OBJC_MSGSEND = YES;
				ENABLE_TESTABILITY = YES;
				GCC_C_LANGUAGE_STANDARD = gnu11;
				GCC_DYNAMIC_NO_PIC = NO;
				GCC_NO_COMMON_BLOCKS = YES;
				GCC_OPTIMIZATION_LEVEL = 0;
				GCC_PREPROCESSOR_DEFINITIONS = (
					"DEBUG=1",
					"$(inherited)",
				);
				GCC_WARN_64_TO_32_BIT_CONVERSION = YES;
				GCC_WARN_ABOUT_RETURN_TYPE = YES_ERROR;
				GCC_WARN_UNDECLARED_SELECTOR = YES;
				GCC_WARN_UNINITIALIZED_AUTOS = YES_AGGRESSIVE;
				GCC_WARN_UNUSED_FUNCTION = YES;
				GCC_WARN_UNUSED_VARIABLE = YES;
				IPHONEOS_DEPLOYMENT_TARGET = 11.0;
				MTL_ENABLE_DEBUG_INFO = YES;
				ONLY_ACTIVE_ARCH = YES;
				SDKROOT = iphoneos;
				SWIFT_ACTIVE_COMPILATION_CONDITIONS = DEBUG;
				SWIFT_OPTIMIZATION_LEVEL = "-Onone";
			};
			name = Debug;
		};
		4AD94AF71F8BF2F3005A97CB /* Release */ = {
			isa = XCBuildConfiguration;
			buildSettings = {
				ALWAYS_SEARCH_USER_PATHS = NO;
				CLANG_ANALYZER_NONNULL = YES;
				CLANG_ANALYZER_NUMBER_OBJECT_CONVERSION = YES_AGGRESSIVE;
				CLANG_CXX_LANGUAGE_STANDARD = "gnu++14";
				CLANG_CXX_LIBRARY = "libc++";
				CLANG_ENABLE_MODULES = YES;
				CLANG_ENABLE_OBJC_ARC = YES;
				CLANG_WARN_BLOCK_CAPTURE_AUTORELEASING = YES;
				CLANG_WARN_BOOL_CONVERSION = YES;
				CLANG_WARN_COMMA = YES;
				CLANG_WARN_CONSTANT_CONVERSION = YES;
				CLANG_WARN_DIRECT_OBJC_ISA_USAGE = YES_ERROR;
				CLANG_WARN_DOCUMENTATION_COMMENTS = YES;
				CLANG_WARN_EMPTY_BODY = YES;
				CLANG_WARN_ENUM_CONVERSION = YES;
				CLANG_WARN_INFINITE_RECURSION = YES;
				CLANG_WARN_INT_CONVERSION = YES;
				CLANG_WARN_NON_LITERAL_NULL_CONVERSION = YES;
				CLANG_WARN_OBJC_LITERAL_CONVERSION = YES;
				CLANG_WARN_OBJC_ROOT_CLASS = YES_ERROR;
				CLANG_WARN_RANGE_LOOP_ANALYSIS = YES;
				CLANG_WARN_STRICT_PROTOTYPES = YES;
				CLANG_WARN_SUSPICIOUS_MOVE = YES;
				CLANG_WARN_UNGUARDED_AVAILABILITY = YES_AGGRESSIVE;
				CLANG_WARN_UNREACHABLE_CODE = YES;
				CLANG_WARN__DUPLICATE_METHOD_MATCH = YES;
				CODE_SIGN_IDENTITY = "iPhone Developer";
				COPY_PHASE_STRIP = NO;
				DEBUG_INFORMATION_FORMAT = "dwarf-with-dsym";
				ENABLE_NS_ASSERTIONS = NO;
				ENABLE_STRICT_OBJC_MSGSEND = YES;
				GCC_C_LANGUAGE_STANDARD = gnu11;
				GCC_NO_COMMON_BLOCKS = YES;
				GCC_WARN_64_TO_32_BIT_CONVERSION = YES;
				GCC_WARN_ABOUT_RETURN_TYPE = YES_ERROR;
				GCC_WARN_UNDECLARED_SELECTOR = YES;
				GCC_WARN_UNINITIALIZED_AUTOS = YES_AGGRESSIVE;
				GCC_WARN_UNUSED_FUNCTION = YES;
				GCC_WARN_UNUSED_VARIABLE = YES;
				IPHONEOS_DEPLOYMENT_TARGET = 11.0;
				MTL_ENABLE_DEBUG_INFO = NO;
				SDKROOT = iphoneos;
				SWIFT_OPTIMIZATION_LEVEL = "-Owholemodule";
				VALIDATE_PRODUCT = YES;
			};
			name = Release;
		};
		4AD94AF91F8BF2F3005A97CB /* Debug */ = {
			isa = XCBuildConfiguration;
			baseConfigurationReference = 532D243CD773BF800EBDD6F1 /* Pods-SquareMeals.debug.xcconfig */;
			buildSettings = {
				ASSETCATALOG_COMPILER_APPICON_NAME = AppIcon;
				CODE_SIGN_STYLE = Automatic;
				DEVELOPMENT_TEAM = 9EFTW5NYHY;
				INFOPLIST_FILE = SquareMeals/Info.plist;
				LD_RUNPATH_SEARCH_PATHS = "$(inherited) @executable_path/Frameworks";
				PRODUCT_BUNDLE_IDENTIFIER = io.shakd.SquareMeals;
				PRODUCT_NAME = "$(TARGET_NAME)";
				SWIFT_VERSION = 4.0;
				TARGETED_DEVICE_FAMILY = "1,2";
			};
			name = Debug;
		};
		4AD94AFA1F8BF2F3005A97CB /* Release */ = {
			isa = XCBuildConfiguration;
			baseConfigurationReference = 8A822D2D480446C5ABE8E0B8 /* Pods-SquareMeals.release.xcconfig */;
			buildSettings = {
				ASSETCATALOG_COMPILER_APPICON_NAME = AppIcon;
				CODE_SIGN_STYLE = Automatic;
				DEVELOPMENT_TEAM = 9EFTW5NYHY;
				INFOPLIST_FILE = SquareMeals/Info.plist;
				LD_RUNPATH_SEARCH_PATHS = "$(inherited) @executable_path/Frameworks";
				PRODUCT_BUNDLE_IDENTIFIER = io.shakd.SquareMeals;
				PRODUCT_NAME = "$(TARGET_NAME)";
				SWIFT_VERSION = 4.0;
				TARGETED_DEVICE_FAMILY = "1,2";
			};
			name = Release;
		};
		4AD94AFC1F8BF2F3005A97CB /* Debug */ = {
			isa = XCBuildConfiguration;
			baseConfigurationReference = ED3EFCA996C609A998AF780B /* Pods-SquareMealsTests.debug.xcconfig */;
			buildSettings = {
				BUNDLE_LOADER = "$(TEST_HOST)";
				CODE_SIGN_STYLE = Automatic;
				DEVELOPMENT_TEAM = 9EFTW5NYHY;
				INFOPLIST_FILE = SquareMealsTests/Info.plist;
				LD_RUNPATH_SEARCH_PATHS = "$(inherited) @executable_path/Frameworks @loader_path/Frameworks";
				PRODUCT_BUNDLE_IDENTIFIER = io.shakd.SquareMealsTests;
				PRODUCT_NAME = "$(TARGET_NAME)";
				SWIFT_VERSION = 4.0;
				TARGETED_DEVICE_FAMILY = "1,2";
				TEST_HOST = "$(BUILT_PRODUCTS_DIR)/SquareMeals.app/SquareMeals";
			};
			name = Debug;
		};
		4AD94AFD1F8BF2F3005A97CB /* Release */ = {
			isa = XCBuildConfiguration;
			baseConfigurationReference = 22BA7219C058DA2C59711F72 /* Pods-SquareMealsTests.release.xcconfig */;
			buildSettings = {
				BUNDLE_LOADER = "$(TEST_HOST)";
				CODE_SIGN_STYLE = Automatic;
				DEVELOPMENT_TEAM = 9EFTW5NYHY;
				INFOPLIST_FILE = SquareMealsTests/Info.plist;
				LD_RUNPATH_SEARCH_PATHS = "$(inherited) @executable_path/Frameworks @loader_path/Frameworks";
				PRODUCT_BUNDLE_IDENTIFIER = io.shakd.SquareMealsTests;
				PRODUCT_NAME = "$(TARGET_NAME)";
				SWIFT_VERSION = 4.0;
				TARGETED_DEVICE_FAMILY = "1,2";
				TEST_HOST = "$(BUILT_PRODUCTS_DIR)/SquareMeals.app/SquareMeals";
			};
			name = Release;
		};
/* End XCBuildConfiguration section */

/* Begin XCConfigurationList section */
		4AD94AD61F8BF2F3005A97CB /* Build configuration list for PBXProject "SquareMeals" */ = {
			isa = XCConfigurationList;
			buildConfigurations = (
				4AD94AF61F8BF2F3005A97CB /* Debug */,
				4AD94AF71F8BF2F3005A97CB /* Release */,
			);
			defaultConfigurationIsVisible = 0;
			defaultConfigurationName = Release;
		};
		4AD94AF81F8BF2F3005A97CB /* Build configuration list for PBXNativeTarget "SquareMeals" */ = {
			isa = XCConfigurationList;
			buildConfigurations = (
				4AD94AF91F8BF2F3005A97CB /* Debug */,
				4AD94AFA1F8BF2F3005A97CB /* Release */,
			);
			defaultConfigurationIsVisible = 0;
			defaultConfigurationName = Release;
		};
		4AD94AFB1F8BF2F3005A97CB /* Build configuration list for PBXNativeTarget "SquareMealsTests" */ = {
			isa = XCConfigurationList;
			buildConfigurations = (
				4AD94AFC1F8BF2F3005A97CB /* Debug */,
				4AD94AFD1F8BF2F3005A97CB /* Release */,
			);
			defaultConfigurationIsVisible = 0;
			defaultConfigurationName = Release;
		};
/* End XCConfigurationList section */
	};
	rootObject = 4AD94AD31F8BF2F3005A97CB /* Project object */;
}
